// !$*UTF8*$!
{
	archiveVersion = 1;
	classes = {
	};
	objectVersion = 48;
	objects = {

/* Begin PBXBuildFile section */
		0A0508B6204DAAFA00645478 /* CreatePedalViewProtocol.swift in Sources */ = {isa = PBXBuildFile; fileRef = 0A0508B5204DAAFA00645478 /* CreatePedalViewProtocol.swift */; };
		0A0508B8204DAC4100645478 /* CreatePedalViewDelegate.swift in Sources */ = {isa = PBXBuildFile; fileRef = 0A0508B7204DAC4100645478 /* CreatePedalViewDelegate.swift */; };
		0A25C6EA205DF5E300A641BD /* AuthProtocol.swift in Sources */ = {isa = PBXBuildFile; fileRef = 0A25C6E9205DF5E300A641BD /* AuthProtocol.swift */; };
		0A25C6EC205DF77D00A641BD /* PBUser.swift in Sources */ = {isa = PBXBuildFile; fileRef = 0A25C6EB205DF77D00A641BD /* PBUser.swift */; };
		0A25C6EE205E877500A641BD /* EmailAuthProvider.swift in Sources */ = {isa = PBXBuildFile; fileRef = 0A25C6ED205E877500A641BD /* EmailAuthProvider.swift */; };
		0A25C6F0205E88CC00A641BD /* PBUser+Firebase.swift in Sources */ = {isa = PBXBuildFile; fileRef = 0A25C6EF205E88CC00A641BD /* PBUser+Firebase.swift */; };
		0A25C6F2205E9AA100A641BD /* PBUserProtocol.swift in Sources */ = {isa = PBXBuildFile; fileRef = 0A25C6F1205E9AA100A641BD /* PBUserProtocol.swift */; };
		0A25C6F4205E9E2800A641BD /* PBUserProvider.swift in Sources */ = {isa = PBXBuildFile; fileRef = 0A25C6F3205E9E2800A641BD /* PBUserProvider.swift */; };
		0A25C6F7205EA94300A641BD /* LoginViewModel.swift in Sources */ = {isa = PBXBuildFile; fileRef = 0A25C6F6205EA94300A641BD /* LoginViewModel.swift */; };
		0A25C6F9205EA96600A641BD /* LoginViewModelProtocol.swift in Sources */ = {isa = PBXBuildFile; fileRef = 0A25C6F8205EA96600A641BD /* LoginViewModelProtocol.swift */; };
		0A25C6FB205EAC4000A641BD /* LoginViewModelDelegate.swift in Sources */ = {isa = PBXBuildFile; fileRef = 0A25C6FA205EAC4000A641BD /* LoginViewModelDelegate.swift */; };
		0A381E2A204B93DC001D7DB9 /* CreatePedalView.swift in Sources */ = {isa = PBXBuildFile; fileRef = 0A381E29204B93DC001D7DB9 /* CreatePedalView.swift */; };
		0A381E2F204CC309001D7DB9 /* CreatePedalViewModel.swift in Sources */ = {isa = PBXBuildFile; fileRef = 0A381E2E204CC309001D7DB9 /* CreatePedalViewModel.swift */; };
		0A381E31204CC31B001D7DB9 /* CreatePedalViewModelProtocol.swift in Sources */ = {isa = PBXBuildFile; fileRef = 0A381E30204CC31B001D7DB9 /* CreatePedalViewModelProtocol.swift */; };
		0A532EAB2048163300CA8FEA /* Pedal.swift in Sources */ = {isa = PBXBuildFile; fileRef = 0A532EAA2048163300CA8FEA /* Pedal.swift */; };
		0A532EB020481ACB00CA8FEA /* Pedal+Firebase.swift in Sources */ = {isa = PBXBuildFile; fileRef = 0A532EAF20481ACB00CA8FEA /* Pedal+Firebase.swift */; };
		0A532EB520481B5D00CA8FEA /* PedalProtocol.swift in Sources */ = {isa = PBXBuildFile; fileRef = 0A532EB420481B5D00CA8FEA /* PedalProtocol.swift */; };
		0A532EB92048203400CA8FEA /* GoogleService-Info.plist in Resources */ = {isa = PBXBuildFile; fileRef = 0A532EB82048203400CA8FEA /* GoogleService-Info.plist */; };
		0A532EBA2048203400CA8FEA /* GoogleService-Info.plist in Resources */ = {isa = PBXBuildFile; fileRef = 0A532EB82048203400CA8FEA /* GoogleService-Info.plist */; };
		0A532EBB2048203400CA8FEA /* GoogleService-Info.plist in Resources */ = {isa = PBXBuildFile; fileRef = 0A532EB82048203400CA8FEA /* GoogleService-Info.plist */; };
		0A532EBD2048275900CA8FEA /* PedalProvider.swift in Sources */ = {isa = PBXBuildFile; fileRef = 0A532EBC2048275900CA8FEA /* PedalProvider.swift */; };
		0A6129792054ABA8005A3099 /* PedalListViewModelProtocol.swift in Sources */ = {isa = PBXBuildFile; fileRef = 0A6129782054ABA8005A3099 /* PedalListViewModelProtocol.swift */; };
		0A61297B2054ABD1005A3099 /* PedalListViewModelDelegate.swift in Sources */ = {isa = PBXBuildFile; fileRef = 0A61297A2054ABD1005A3099 /* PedalListViewModelDelegate.swift */; };
		0A6129812054AD15005A3099 /* PedalTableViewCellViewModelProtocol.swift in Sources */ = {isa = PBXBuildFile; fileRef = 0A6129802054AD15005A3099 /* PedalTableViewCellViewModelProtocol.swift */; };
		0A6129832054ADEB005A3099 /* PedalListViewModel.swift in Sources */ = {isa = PBXBuildFile; fileRef = 0A6129822054ADEB005A3099 /* PedalListViewModel.swift */; };
		0A6129852054AF19005A3099 /* PedalTableViewCellViewModel.swift in Sources */ = {isa = PBXBuildFile; fileRef = 0A6129842054AF19005A3099 /* PedalTableViewCellViewModel.swift */; };
		0A6129872054B2AC005A3099 /* PedalListView.swift in Sources */ = {isa = PBXBuildFile; fileRef = 0A6129862054B2AC005A3099 /* PedalListView.swift */; };
		0A6129892054B70C005A3099 /* PedalTableViewCellView.swift in Sources */ = {isa = PBXBuildFile; fileRef = 0A6129882054B70C005A3099 /* PedalTableViewCellView.swift */; };
		0A6707CE206BD242008B796D /* TuneListView.swift in Sources */ = {isa = PBXBuildFile; fileRef = 0A6707CD206BD242008B796D /* TuneListView.swift */; };
		0A6707D0206BD79A008B796D /* TuneListViewModelDelegate.swift in Sources */ = {isa = PBXBuildFile; fileRef = 0A6707CF206BD79A008B796D /* TuneListViewModelDelegate.swift */; };
		0A6707D7206BD97C008B796D /* TuneTableViewCellView.swift in Sources */ = {isa = PBXBuildFile; fileRef = 0A6707D6206BD97C008B796D /* TuneTableViewCellView.swift */; };
		0A6707D9206BDA81008B796D /* TuneTableViewCellViewModelProtocol.swift in Sources */ = {isa = PBXBuildFile; fileRef = 0A6707D8206BDA81008B796D /* TuneTableViewCellViewModelProtocol.swift */; };
		0A6707DC206BDAC1008B796D /* TuneTableViewCellViewModel.swift in Sources */ = {isa = PBXBuildFile; fileRef = 0A6707DB206BDAC1008B796D /* TuneTableViewCellViewModel.swift */; };
		0A7490922066B42E002AF1E8 /* CreateTuneViewModelProtocol.swift in Sources */ = {isa = PBXBuildFile; fileRef = 0A7490912066B42D002AF1E8 /* CreateTuneViewModelProtocol.swift */; };
		0A7490942066BAB4002AF1E8 /* PedalSourceProtocol.swift in Sources */ = {isa = PBXBuildFile; fileRef = 0A7490932066BAB4002AF1E8 /* PedalSourceProtocol.swift */; };
		0A7490962066BCD7002AF1E8 /* CreateTuneViewModel.swift in Sources */ = {isa = PBXBuildFile; fileRef = 0A7490952066BCD7002AF1E8 /* CreateTuneViewModel.swift */; };
		0A817904206B0BE2008A00B8 /* TuneConfig.swift in Sources */ = {isa = PBXBuildFile; fileRef = 0A817903206B0BE2008A00B8 /* TuneConfig.swift */; };
		0A835943205C0C51004B29EB /* LoginFlow.storyboard in Resources */ = {isa = PBXBuildFile; fileRef = 0A835942205C0C51004B29EB /* LoginFlow.storyboard */; };
		0A835946205C0CA1004B29EB /* LoginView.swift in Sources */ = {isa = PBXBuildFile; fileRef = 0A835945205C0CA1004B29EB /* LoginView.swift */; };
		0A835949205C0D76004B29EB /* FirUIDelegate.swift in Sources */ = {isa = PBXBuildFile; fileRef = 0A835948205C0D76004B29EB /* FirUIDelegate.swift */; };
		0A85744A206B337400F1FDEC /* TuneSetupViewModelProtocol.swift in Sources */ = {isa = PBXBuildFile; fileRef = 0A857449206B337400F1FDEC /* TuneSetupViewModelProtocol.swift */; };
		0A85744C206B33AC00F1FDEC /* TuneSetupViewModel.swift in Sources */ = {isa = PBXBuildFile; fileRef = 0A85744B206B33AC00F1FDEC /* TuneSetupViewModel.swift */; };
		0A8AFE9D206A77BE00388F10 /* TuneListViewModelProtocol.swift in Sources */ = {isa = PBXBuildFile; fileRef = 0A8AFE9C206A77BE00388F10 /* TuneListViewModelProtocol.swift */; };
		0A8AFE9F206A7C8C00388F10 /* TuneListViewModel.swift in Sources */ = {isa = PBXBuildFile; fileRef = 0A8AFE9E206A7C8C00388F10 /* TuneListViewModel.swift */; };
		0A8AFEA3206A7CC500388F10 /* TuneProvider.swift in Sources */ = {isa = PBXBuildFile; fileRef = 0A8AFEA2206A7CC500388F10 /* TuneProvider.swift */; };
		0A8AFEA6206A7FBF00388F10 /* Tune+Firebase.swift in Sources */ = {isa = PBXBuildFile; fileRef = 0A8AFEA5206A7FBF00388F10 /* Tune+Firebase.swift */; };
		0A8F676F20629FB900A148E8 /* TuneProtocol.swift in Sources */ = {isa = PBXBuildFile; fileRef = 0A8F676E20629FB900A148E8 /* TuneProtocol.swift */; };
		0A8F67712062A03C00A148E8 /* Tune.swift in Sources */ = {isa = PBXBuildFile; fileRef = 0A8F67702062A03C00A148E8 /* Tune.swift */; };
		0A90CEF220478615002FA202 /* AppDelegate.swift in Sources */ = {isa = PBXBuildFile; fileRef = 0A90CEF120478615002FA202 /* AppDelegate.swift */; };
		0A90CEF720478615002FA202 /* Main.storyboard in Resources */ = {isa = PBXBuildFile; fileRef = 0A90CEF520478615002FA202 /* Main.storyboard */; };
		0A90CEF920478615002FA202 /* Assets.xcassets in Resources */ = {isa = PBXBuildFile; fileRef = 0A90CEF820478615002FA202 /* Assets.xcassets */; };
		0A90CEFC20478615002FA202 /* LaunchScreen.storyboard in Resources */ = {isa = PBXBuildFile; fileRef = 0A90CEFA20478615002FA202 /* LaunchScreen.storyboard */; };
		0A90CF0720478615002FA202 /* PedalPrototypeTests.swift in Sources */ = {isa = PBXBuildFile; fileRef = 0A90CF0620478615002FA202 /* PedalPrototypeTests.swift */; };
		0A90CF1220478615002FA202 /* PedalPrototypeUITests.swift in Sources */ = {isa = PBXBuildFile; fileRef = 0A90CF1120478615002FA202 /* PedalPrototypeUITests.swift */; };
		12FE2F9F69736527A5E01929 /* Pods_PedalPrototypeTests.framework in Frameworks */ = {isa = PBXBuildFile; fileRef = 2B31C63235C8238F1D1E52C4 /* Pods_PedalPrototypeTests.framework */; };
		32423B06B57B2B412B03BB9E /* Pods_PedalPrototype.framework in Frameworks */ = {isa = PBXBuildFile; fileRef = CEC9FF0D2AF9AB56519EEA50 /* Pods_PedalPrototype.framework */; };
		BE9874A92A95A1260AB902DB /* Pods_PedalPrototypeUITests.framework in Frameworks */ = {isa = PBXBuildFile; fileRef = AE9FE514A3663B8DA18D6A58 /* Pods_PedalPrototypeUITests.framework */; };
/* End PBXBuildFile section */

/* Begin PBXContainerItemProxy section */
		0A90CF0320478615002FA202 /* PBXContainerItemProxy */ = {
			isa = PBXContainerItemProxy;
			containerPortal = 0A90CEE620478615002FA202 /* Project object */;
			proxyType = 1;
			remoteGlobalIDString = 0A90CEED20478615002FA202;
			remoteInfo = PedalPrototype;
		};
		0A90CF0E20478615002FA202 /* PBXContainerItemProxy */ = {
			isa = PBXContainerItemProxy;
			containerPortal = 0A90CEE620478615002FA202 /* Project object */;
			proxyType = 1;
			remoteGlobalIDString = 0A90CEED20478615002FA202;
			remoteInfo = PedalPrototype;
		};
/* End PBXContainerItemProxy section */

/* Begin PBXFileReference section */
		0A0508B5204DAAFA00645478 /* CreatePedalViewProtocol.swift */ = {isa = PBXFileReference; lastKnownFileType = sourcecode.swift; path = CreatePedalViewProtocol.swift; sourceTree = "<group>"; };
		0A0508B7204DAC4100645478 /* CreatePedalViewDelegate.swift */ = {isa = PBXFileReference; lastKnownFileType = sourcecode.swift; path = CreatePedalViewDelegate.swift; sourceTree = "<group>"; };
		0A25C6E9205DF5E300A641BD /* AuthProtocol.swift */ = {isa = PBXFileReference; lastKnownFileType = sourcecode.swift; path = AuthProtocol.swift; sourceTree = "<group>"; };
		0A25C6EB205DF77D00A641BD /* PBUser.swift */ = {isa = PBXFileReference; lastKnownFileType = sourcecode.swift; path = PBUser.swift; sourceTree = "<group>"; };
		0A25C6ED205E877500A641BD /* EmailAuthProvider.swift */ = {isa = PBXFileReference; lastKnownFileType = sourcecode.swift; path = EmailAuthProvider.swift; sourceTree = "<group>"; };
		0A25C6EF205E88CC00A641BD /* PBUser+Firebase.swift */ = {isa = PBXFileReference; lastKnownFileType = sourcecode.swift; path = "PBUser+Firebase.swift"; sourceTree = "<group>"; };
		0A25C6F1205E9AA100A641BD /* PBUserProtocol.swift */ = {isa = PBXFileReference; lastKnownFileType = sourcecode.swift; path = PBUserProtocol.swift; sourceTree = "<group>"; };
		0A25C6F3205E9E2800A641BD /* PBUserProvider.swift */ = {isa = PBXFileReference; lastKnownFileType = sourcecode.swift; path = PBUserProvider.swift; sourceTree = "<group>"; };
		0A25C6F6205EA94300A641BD /* LoginViewModel.swift */ = {isa = PBXFileReference; lastKnownFileType = sourcecode.swift; path = LoginViewModel.swift; sourceTree = "<group>"; };
		0A25C6F8205EA96600A641BD /* LoginViewModelProtocol.swift */ = {isa = PBXFileReference; lastKnownFileType = sourcecode.swift; path = LoginViewModelProtocol.swift; sourceTree = "<group>"; };
		0A25C6FA205EAC4000A641BD /* LoginViewModelDelegate.swift */ = {isa = PBXFileReference; lastKnownFileType = sourcecode.swift; path = LoginViewModelDelegate.swift; sourceTree = "<group>"; };
		0A381E29204B93DC001D7DB9 /* CreatePedalView.swift */ = {isa = PBXFileReference; lastKnownFileType = sourcecode.swift; path = CreatePedalView.swift; sourceTree = "<group>"; };
		0A381E2E204CC309001D7DB9 /* CreatePedalViewModel.swift */ = {isa = PBXFileReference; lastKnownFileType = sourcecode.swift; path = CreatePedalViewModel.swift; sourceTree = "<group>"; };
		0A381E30204CC31B001D7DB9 /* CreatePedalViewModelProtocol.swift */ = {isa = PBXFileReference; lastKnownFileType = sourcecode.swift; path = CreatePedalViewModelProtocol.swift; sourceTree = "<group>"; };
		0A532EAA2048163300CA8FEA /* Pedal.swift */ = {isa = PBXFileReference; lastKnownFileType = sourcecode.swift; path = Pedal.swift; sourceTree = "<group>"; };
		0A532EAF20481ACB00CA8FEA /* Pedal+Firebase.swift */ = {isa = PBXFileReference; lastKnownFileType = sourcecode.swift; path = "Pedal+Firebase.swift"; sourceTree = "<group>"; };
		0A532EB420481B5D00CA8FEA /* PedalProtocol.swift */ = {isa = PBXFileReference; lastKnownFileType = sourcecode.swift; path = PedalProtocol.swift; sourceTree = "<group>"; };
		0A532EB82048203400CA8FEA /* GoogleService-Info.plist */ = {isa = PBXFileReference; fileEncoding = 4; lastKnownFileType = text.plist.xml; path = "GoogleService-Info.plist"; sourceTree = "<group>"; };
		0A532EBC2048275900CA8FEA /* PedalProvider.swift */ = {isa = PBXFileReference; lastKnownFileType = sourcecode.swift; path = PedalProvider.swift; sourceTree = "<group>"; };
		0A6129782054ABA8005A3099 /* PedalListViewModelProtocol.swift */ = {isa = PBXFileReference; lastKnownFileType = sourcecode.swift; path = PedalListViewModelProtocol.swift; sourceTree = "<group>"; };
		0A61297A2054ABD1005A3099 /* PedalListViewModelDelegate.swift */ = {isa = PBXFileReference; lastKnownFileType = sourcecode.swift; path = PedalListViewModelDelegate.swift; sourceTree = "<group>"; };
		0A6129802054AD15005A3099 /* PedalTableViewCellViewModelProtocol.swift */ = {isa = PBXFileReference; lastKnownFileType = sourcecode.swift; path = PedalTableViewCellViewModelProtocol.swift; sourceTree = "<group>"; };
		0A6129822054ADEB005A3099 /* PedalListViewModel.swift */ = {isa = PBXFileReference; lastKnownFileType = sourcecode.swift; path = PedalListViewModel.swift; sourceTree = "<group>"; };
		0A6129842054AF19005A3099 /* PedalTableViewCellViewModel.swift */ = {isa = PBXFileReference; lastKnownFileType = sourcecode.swift; path = PedalTableViewCellViewModel.swift; sourceTree = "<group>"; };
		0A6129862054B2AC005A3099 /* PedalListView.swift */ = {isa = PBXFileReference; lastKnownFileType = sourcecode.swift; path = PedalListView.swift; sourceTree = "<group>"; };
		0A6129882054B70C005A3099 /* PedalTableViewCellView.swift */ = {isa = PBXFileReference; lastKnownFileType = sourcecode.swift; path = PedalTableViewCellView.swift; sourceTree = "<group>"; };
		0A6707CD206BD242008B796D /* TuneListView.swift */ = {isa = PBXFileReference; lastKnownFileType = sourcecode.swift; path = TuneListView.swift; sourceTree = "<group>"; };
		0A6707CF206BD79A008B796D /* TuneListViewModelDelegate.swift */ = {isa = PBXFileReference; lastKnownFileType = sourcecode.swift; path = TuneListViewModelDelegate.swift; sourceTree = "<group>"; };
		0A6707D6206BD97C008B796D /* TuneTableViewCellView.swift */ = {isa = PBXFileReference; lastKnownFileType = sourcecode.swift; path = TuneTableViewCellView.swift; sourceTree = "<group>"; };
		0A6707D8206BDA81008B796D /* TuneTableViewCellViewModelProtocol.swift */ = {isa = PBXFileReference; lastKnownFileType = sourcecode.swift; path = TuneTableViewCellViewModelProtocol.swift; sourceTree = "<group>"; };
		0A6707DB206BDAC1008B796D /* TuneTableViewCellViewModel.swift */ = {isa = PBXFileReference; lastKnownFileType = sourcecode.swift; path = TuneTableViewCellViewModel.swift; sourceTree = "<group>"; };
		0A7490912066B42D002AF1E8 /* CreateTuneViewModelProtocol.swift */ = {isa = PBXFileReference; lastKnownFileType = sourcecode.swift; path = CreateTuneViewModelProtocol.swift; sourceTree = "<group>"; };
		0A7490932066BAB4002AF1E8 /* PedalSourceProtocol.swift */ = {isa = PBXFileReference; lastKnownFileType = sourcecode.swift; path = PedalSourceProtocol.swift; sourceTree = "<group>"; };
		0A7490952066BCD7002AF1E8 /* CreateTuneViewModel.swift */ = {isa = PBXFileReference; lastKnownFileType = sourcecode.swift; path = CreateTuneViewModel.swift; sourceTree = "<group>"; };
		0A817903206B0BE2008A00B8 /* TuneConfig.swift */ = {isa = PBXFileReference; lastKnownFileType = sourcecode.swift; path = TuneConfig.swift; sourceTree = "<group>"; };
		0A835941205C088C004B29EB /* PedalPrototype.entitlements */ = {isa = PBXFileReference; lastKnownFileType = text.plist.entitlements; path = PedalPrototype.entitlements; sourceTree = "<group>"; };
		0A835942205C0C51004B29EB /* LoginFlow.storyboard */ = {isa = PBXFileReference; lastKnownFileType = file.storyboard; path = LoginFlow.storyboard; sourceTree = "<group>"; };
		0A835945205C0CA1004B29EB /* LoginView.swift */ = {isa = PBXFileReference; lastKnownFileType = sourcecode.swift; path = LoginView.swift; sourceTree = "<group>"; };
		0A835948205C0D76004B29EB /* FirUIDelegate.swift */ = {isa = PBXFileReference; lastKnownFileType = sourcecode.swift; path = FirUIDelegate.swift; sourceTree = "<group>"; };
		0A857449206B337400F1FDEC /* TuneSetupViewModelProtocol.swift */ = {isa = PBXFileReference; lastKnownFileType = sourcecode.swift; path = TuneSetupViewModelProtocol.swift; sourceTree = "<group>"; };
		0A85744B206B33AC00F1FDEC /* TuneSetupViewModel.swift */ = {isa = PBXFileReference; lastKnownFileType = sourcecode.swift; path = TuneSetupViewModel.swift; sourceTree = "<group>"; };
		0A8AFE9C206A77BE00388F10 /* TuneListViewModelProtocol.swift */ = {isa = PBXFileReference; lastKnownFileType = sourcecode.swift; path = TuneListViewModelProtocol.swift; sourceTree = "<group>"; };
		0A8AFE9E206A7C8C00388F10 /* TuneListViewModel.swift */ = {isa = PBXFileReference; lastKnownFileType = sourcecode.swift; path = TuneListViewModel.swift; sourceTree = "<group>"; };
		0A8AFEA2206A7CC500388F10 /* TuneProvider.swift */ = {isa = PBXFileReference; lastKnownFileType = sourcecode.swift; path = TuneProvider.swift; sourceTree = "<group>"; };
		0A8AFEA5206A7FBF00388F10 /* Tune+Firebase.swift */ = {isa = PBXFileReference; lastKnownFileType = sourcecode.swift; path = "Tune+Firebase.swift"; sourceTree = "<group>"; };
		0A8F676E20629FB900A148E8 /* TuneProtocol.swift */ = {isa = PBXFileReference; lastKnownFileType = sourcecode.swift; path = TuneProtocol.swift; sourceTree = "<group>"; };
		0A8F67702062A03C00A148E8 /* Tune.swift */ = {isa = PBXFileReference; lastKnownFileType = sourcecode.swift; path = Tune.swift; sourceTree = "<group>"; };
		0A90CEEE20478615002FA202 /* PedalPrototype.app */ = {isa = PBXFileReference; explicitFileType = wrapper.application; includeInIndex = 0; path = PedalPrototype.app; sourceTree = BUILT_PRODUCTS_DIR; };
		0A90CEF120478615002FA202 /* AppDelegate.swift */ = {isa = PBXFileReference; lastKnownFileType = sourcecode.swift; path = AppDelegate.swift; sourceTree = "<group>"; };
		0A90CEF620478615002FA202 /* Base */ = {isa = PBXFileReference; lastKnownFileType = file.storyboard; name = Base; path = Base.lproj/Main.storyboard; sourceTree = "<group>"; };
		0A90CEF820478615002FA202 /* Assets.xcassets */ = {isa = PBXFileReference; lastKnownFileType = folder.assetcatalog; path = Assets.xcassets; sourceTree = "<group>"; };
		0A90CEFB20478615002FA202 /* Base */ = {isa = PBXFileReference; lastKnownFileType = file.storyboard; name = Base; path = Base.lproj/LaunchScreen.storyboard; sourceTree = "<group>"; };
		0A90CEFD20478615002FA202 /* Info.plist */ = {isa = PBXFileReference; lastKnownFileType = text.plist.xml; path = Info.plist; sourceTree = "<group>"; };
		0A90CF0220478615002FA202 /* PedalPrototypeTests.xctest */ = {isa = PBXFileReference; explicitFileType = wrapper.cfbundle; includeInIndex = 0; path = PedalPrototypeTests.xctest; sourceTree = BUILT_PRODUCTS_DIR; };
		0A90CF0620478615002FA202 /* PedalPrototypeTests.swift */ = {isa = PBXFileReference; lastKnownFileType = sourcecode.swift; path = PedalPrototypeTests.swift; sourceTree = "<group>"; };
		0A90CF0820478615002FA202 /* Info.plist */ = {isa = PBXFileReference; lastKnownFileType = text.plist.xml; path = Info.plist; sourceTree = "<group>"; };
		0A90CF0D20478615002FA202 /* PedalPrototypeUITests.xctest */ = {isa = PBXFileReference; explicitFileType = wrapper.cfbundle; includeInIndex = 0; path = PedalPrototypeUITests.xctest; sourceTree = BUILT_PRODUCTS_DIR; };
		0A90CF1120478615002FA202 /* PedalPrototypeUITests.swift */ = {isa = PBXFileReference; lastKnownFileType = sourcecode.swift; path = PedalPrototypeUITests.swift; sourceTree = "<group>"; };
		0A90CF1320478615002FA202 /* Info.plist */ = {isa = PBXFileReference; lastKnownFileType = text.plist.xml; path = Info.plist; sourceTree = "<group>"; };
		0DC2FFDB53C82A56F28146B4 /* Pods-PedalPrototype.release.xcconfig */ = {isa = PBXFileReference; includeInIndex = 1; lastKnownFileType = text.xcconfig; name = "Pods-PedalPrototype.release.xcconfig"; path = "Pods/Target Support Files/Pods-PedalPrototype/Pods-PedalPrototype.release.xcconfig"; sourceTree = "<group>"; };
		2B31C63235C8238F1D1E52C4 /* Pods_PedalPrototypeTests.framework */ = {isa = PBXFileReference; explicitFileType = wrapper.framework; includeInIndex = 0; path = Pods_PedalPrototypeTests.framework; sourceTree = BUILT_PRODUCTS_DIR; };
		31155E3FE56981148C12F111 /* Pods-PedalPrototypeUITests.release.xcconfig */ = {isa = PBXFileReference; includeInIndex = 1; lastKnownFileType = text.xcconfig; name = "Pods-PedalPrototypeUITests.release.xcconfig"; path = "Pods/Target Support Files/Pods-PedalPrototypeUITests/Pods-PedalPrototypeUITests.release.xcconfig"; sourceTree = "<group>"; };
		43D14DAD74457A310141E40A /* Pods-PedalPrototypeUITests.debug.xcconfig */ = {isa = PBXFileReference; includeInIndex = 1; lastKnownFileType = text.xcconfig; name = "Pods-PedalPrototypeUITests.debug.xcconfig"; path = "Pods/Target Support Files/Pods-PedalPrototypeUITests/Pods-PedalPrototypeUITests.debug.xcconfig"; sourceTree = "<group>"; };
		93AFDACA1C231699EB9AB647 /* Pods-PedalPrototypeTests.debug.xcconfig */ = {isa = PBXFileReference; includeInIndex = 1; lastKnownFileType = text.xcconfig; name = "Pods-PedalPrototypeTests.debug.xcconfig"; path = "Pods/Target Support Files/Pods-PedalPrototypeTests/Pods-PedalPrototypeTests.debug.xcconfig"; sourceTree = "<group>"; };
		A2D5FC43F3A592EA09C9F068 /* Pods-PedalPrototypeTests.release.xcconfig */ = {isa = PBXFileReference; includeInIndex = 1; lastKnownFileType = text.xcconfig; name = "Pods-PedalPrototypeTests.release.xcconfig"; path = "Pods/Target Support Files/Pods-PedalPrototypeTests/Pods-PedalPrototypeTests.release.xcconfig"; sourceTree = "<group>"; };
		A3B9BB065BBE05EDF78D2843 /* Pods-PedalPrototype.debug.xcconfig */ = {isa = PBXFileReference; includeInIndex = 1; lastKnownFileType = text.xcconfig; name = "Pods-PedalPrototype.debug.xcconfig"; path = "Pods/Target Support Files/Pods-PedalPrototype/Pods-PedalPrototype.debug.xcconfig"; sourceTree = "<group>"; };
		AE9FE514A3663B8DA18D6A58 /* Pods_PedalPrototypeUITests.framework */ = {isa = PBXFileReference; explicitFileType = wrapper.framework; includeInIndex = 0; path = Pods_PedalPrototypeUITests.framework; sourceTree = BUILT_PRODUCTS_DIR; };
		CEC9FF0D2AF9AB56519EEA50 /* Pods_PedalPrototype.framework */ = {isa = PBXFileReference; explicitFileType = wrapper.framework; includeInIndex = 0; path = Pods_PedalPrototype.framework; sourceTree = BUILT_PRODUCTS_DIR; };
/* End PBXFileReference section */

/* Begin PBXFrameworksBuildPhase section */
		0A90CEEB20478615002FA202 /* Frameworks */ = {
			isa = PBXFrameworksBuildPhase;
			buildActionMask = 2147483647;
			files = (
				32423B06B57B2B412B03BB9E /* Pods_PedalPrototype.framework in Frameworks */,
			);
			runOnlyForDeploymentPostprocessing = 0;
		};
		0A90CEFF20478615002FA202 /* Frameworks */ = {
			isa = PBXFrameworksBuildPhase;
			buildActionMask = 2147483647;
			files = (
				12FE2F9F69736527A5E01929 /* Pods_PedalPrototypeTests.framework in Frameworks */,
			);
			runOnlyForDeploymentPostprocessing = 0;
		};
		0A90CF0A20478615002FA202 /* Frameworks */ = {
			isa = PBXFrameworksBuildPhase;
			buildActionMask = 2147483647;
			files = (
				BE9874A92A95A1260AB902DB /* Pods_PedalPrototypeUITests.framework in Frameworks */,
			);
			runOnlyForDeploymentPostprocessing = 0;
		};
/* End PBXFrameworksBuildPhase section */

/* Begin PBXGroup section */
		0A25C6F5205EA87F00A641BD /* ViewModel */ = {
			isa = PBXGroup;
			children = (
				0A25C6F6205EA94300A641BD /* LoginViewModel.swift */,
				0A25C6F8205EA96600A641BD /* LoginViewModelProtocol.swift */,
				0A25C6FA205EAC4000A641BD /* LoginViewModelDelegate.swift */,
			);
			path = ViewModel;
			sourceTree = "<group>";
		};
		0A381E2B204CC26B001D7DB9 /* CreatePedal */ = {
			isa = PBXGroup;
			children = (
				0A381E2C204CC274001D7DB9 /* View */,
				0A381E2D204CC27A001D7DB9 /* ViewModel */,
			);
			path = CreatePedal;
			sourceTree = "<group>";
		};
		0A381E2C204CC274001D7DB9 /* View */ = {
			isa = PBXGroup;
			children = (
				0A381E29204B93DC001D7DB9 /* CreatePedalView.swift */,
				0A0508B5204DAAFA00645478 /* CreatePedalViewProtocol.swift */,
				0A0508B7204DAC4100645478 /* CreatePedalViewDelegate.swift */,
			);
			path = View;
			sourceTree = "<group>";
		};
		0A381E2D204CC27A001D7DB9 /* ViewModel */ = {
			isa = PBXGroup;
			children = (
				0A381E2E204CC309001D7DB9 /* CreatePedalViewModel.swift */,
				0A381E30204CC31B001D7DB9 /* CreatePedalViewModelProtocol.swift */,
			);
			path = ViewModel;
			sourceTree = "<group>";
		};
		0A532EA92048161700CA8FEA /* Models */ = {
			isa = PBXGroup;
			children = (
				0A25C6EB205DF77D00A641BD /* PBUser.swift */,
				0A532EAA2048163300CA8FEA /* Pedal.swift */,
				0A8F67702062A03C00A148E8 /* Tune.swift */,
				0A817903206B0BE2008A00B8 /* TuneConfig.swift */,
				0A532EAE20481AB000CA8FEA /* Models+Firebase */,
			);
			path = Models;
			sourceTree = "<group>";
		};
		0A532EAE20481AB000CA8FEA /* Models+Firebase */ = {
			isa = PBXGroup;
			children = (
				0A532EAF20481ACB00CA8FEA /* Pedal+Firebase.swift */,
				0A25C6EF205E88CC00A641BD /* PBUser+Firebase.swift */,
				0A8AFEA5206A7FBF00388F10 /* Tune+Firebase.swift */,
			);
			path = "Models+Firebase";
			sourceTree = "<group>";
		};
		0A532EB120481B0700CA8FEA /* Data */ = {
			isa = PBXGroup;
			children = (
				0A532EB220481B1900CA8FEA /* Protocols */,
				0A532EB320481B2200CA8FEA /* Providers */,
			);
			path = Data;
			sourceTree = "<group>";
		};
		0A532EB220481B1900CA8FEA /* Protocols */ = {
			isa = PBXGroup;
			children = (
				0A25C6E9205DF5E300A641BD /* AuthProtocol.swift */,
				0A532EB420481B5D00CA8FEA /* PedalProtocol.swift */,
				0A8F676E20629FB900A148E8 /* TuneProtocol.swift */,
				0A25C6F1205E9AA100A641BD /* PBUserProtocol.swift */,
			);
			path = Protocols;
			sourceTree = "<group>";
		};
		0A532EB320481B2200CA8FEA /* Providers */ = {
			isa = PBXGroup;
			children = (
				0A532EBC2048275900CA8FEA /* PedalProvider.swift */,
				0A25C6ED205E877500A641BD /* EmailAuthProvider.swift */,
				0A25C6F3205E9E2800A641BD /* PBUserProvider.swift */,
				0A8AFEA2206A7CC500388F10 /* TuneProvider.swift */,
			);
			path = Providers;
			sourceTree = "<group>";
		};
		0A532EB620481DAD00CA8FEA /* App */ = {
			isa = PBXGroup;
			children = (
				0A90CEF120478615002FA202 /* AppDelegate.swift */,
				0A90CEFD20478615002FA202 /* Info.plist */,
				0A532EB82048203400CA8FEA /* GoogleService-Info.plist */,
				0A835948205C0D76004B29EB /* FirUIDelegate.swift */,
			);
			path = App;
			sourceTree = "<group>";
		};
		0A532EB720481E0200CA8FEA /* Screens */ = {
			isa = PBXGroup;
			children = (
				0A857446206B334E00F1FDEC /* TuneSetup */,
				0A74908A2066B397002AF1E8 /* TuneList */,
				0A74908D2066B404002AF1E8 /* CreateTune */,
				0A835944205C0C81004B29EB /* Login */,
				0A6129752054AB6A005A3099 /* PedalList */,
				0A381E2B204CC26B001D7DB9 /* CreatePedal */,
				0A90CEFA20478615002FA202 /* LaunchScreen.storyboard */,
				0A90CEF520478615002FA202 /* Main.storyboard */,
			);
			path = Screens;
			sourceTree = "<group>";
		};
		0A6129752054AB6A005A3099 /* PedalList */ = {
			isa = PBXGroup;
			children = (
				0A6129762054AB7F005A3099 /* View */,
				0A6129772054AB89005A3099 /* ViewModel */,
			);
			path = PedalList;
			sourceTree = "<group>";
		};
		0A6129762054AB7F005A3099 /* View */ = {
			isa = PBXGroup;
			children = (
				0A6129862054B2AC005A3099 /* PedalListView.swift */,
				0A61297C2054ACAD005A3099 /* Subviews */,
			);
			path = View;
			sourceTree = "<group>";
		};
		0A6129772054AB89005A3099 /* ViewModel */ = {
			isa = PBXGroup;
			children = (
				0A6129822054ADEB005A3099 /* PedalListViewModel.swift */,
				0A6129782054ABA8005A3099 /* PedalListViewModelProtocol.swift */,
				0A61297A2054ABD1005A3099 /* PedalListViewModelDelegate.swift */,
				0A7490932066BAB4002AF1E8 /* PedalSourceProtocol.swift */,
			);
			path = ViewModel;
			sourceTree = "<group>";
		};
		0A61297C2054ACAD005A3099 /* Subviews */ = {
			isa = PBXGroup;
			children = (
				0A61297F2054ACD3005A3099 /* PedalTableViewCell */,
			);
			path = Subviews;
			sourceTree = "<group>";
		};
		0A61297D2054ACB6005A3099 /* ViewModel */ = {
			isa = PBXGroup;
			children = (
				0A6129842054AF19005A3099 /* PedalTableViewCellViewModel.swift */,
				0A6129802054AD15005A3099 /* PedalTableViewCellViewModelProtocol.swift */,
			);
			path = ViewModel;
			sourceTree = "<group>";
		};
		0A61297E2054ACBC005A3099 /* View */ = {
			isa = PBXGroup;
			children = (
				0A6129882054B70C005A3099 /* PedalTableViewCellView.swift */,
			);
			path = View;
			sourceTree = "<group>";
		};
		0A61297F2054ACD3005A3099 /* PedalTableViewCell */ = {
			isa = PBXGroup;
			children = (
				0A61297E2054ACBC005A3099 /* View */,
				0A61297D2054ACB6005A3099 /* ViewModel */,
			);
			path = PedalTableViewCell;
			sourceTree = "<group>";
		};
		0A6707D1206BD865008B796D /* Subviews */ = {
			isa = PBXGroup;
			children = (
				0A6707D2206BD8AE008B796D /* TuneTableViewCell */,
			);
			path = Subviews;
			sourceTree = "<group>";
		};
		0A6707D2206BD8AE008B796D /* TuneTableViewCell */ = {
			isa = PBXGroup;
			children = (
				0A6707D5206BD8CC008B796D /* View */,
				0A6707D4206BD8BE008B796D /* ViewModel */,
			);
			path = TuneTableViewCell;
			sourceTree = "<group>";
		};
		0A6707D4206BD8BE008B796D /* ViewModel */ = {
			isa = PBXGroup;
			children = (
				0A6707D8206BDA81008B796D /* TuneTableViewCellViewModelProtocol.swift */,
				0A6707DB206BDAC1008B796D /* TuneTableViewCellViewModel.swift */,
			);
			path = ViewModel;
			sourceTree = "<group>";
		};
		0A6707D5206BD8CC008B796D /* View */ = {
			isa = PBXGroup;
			children = (
				0A6707D6206BD97C008B796D /* TuneTableViewCellView.swift */,
			);
			path = View;
			sourceTree = "<group>";
		};
		0A74908A2066B397002AF1E8 /* TuneList */ = {
			isa = PBXGroup;
			children = (
				0A74908B2066B3AB002AF1E8 /* View */,
				0A74908C2066B3B0002AF1E8 /* ViewModel */,
			);
			path = TuneList;
			sourceTree = "<group>";
		};
		0A74908B2066B3AB002AF1E8 /* View */ = {
			isa = PBXGroup;
			children = (
				0A6707CD206BD242008B796D /* TuneListView.swift */,
				0A6707D1206BD865008B796D /* Subviews */,
			);
			path = View;
			sourceTree = "<group>";
		};
		0A74908C2066B3B0002AF1E8 /* ViewModel */ = {
			isa = PBXGroup;
			children = (
				0A8AFE9E206A7C8C00388F10 /* TuneListViewModel.swift */,
				0A8AFE9C206A77BE00388F10 /* TuneListViewModelProtocol.swift */,
				0A6707CF206BD79A008B796D /* TuneListViewModelDelegate.swift */,
			);
			path = ViewModel;
			sourceTree = "<group>";
		};
		0A74908D2066B404002AF1E8 /* CreateTune */ = {
			isa = PBXGroup;
			children = (
				0A74908F2066B415002AF1E8 /* View */,
				0A74908E2066B40E002AF1E8 /* ViewModel */,
			);
			path = CreateTune;
			sourceTree = "<group>";
		};
		0A74908E2066B40E002AF1E8 /* ViewModel */ = {
			isa = PBXGroup;
			children = (
				0A7490912066B42D002AF1E8 /* CreateTuneViewModelProtocol.swift */,
				0A7490952066BCD7002AF1E8 /* CreateTuneViewModel.swift */,
			);
			path = ViewModel;
			sourceTree = "<group>";
		};
		0A74908F2066B415002AF1E8 /* View */ = {
			isa = PBXGroup;
			children = (
			);
			path = View;
			sourceTree = "<group>";
		};
		0A835944205C0C81004B29EB /* Login */ = {
			isa = PBXGroup;
			children = (
				0A835947205C0CA9004B29EB /* View */,
				0A25C6F5205EA87F00A641BD /* ViewModel */,
			);
			path = Login;
			sourceTree = "<group>";
		};
		0A835947205C0CA9004B29EB /* View */ = {
			isa = PBXGroup;
			children = (
				0A835945205C0CA1004B29EB /* LoginView.swift */,
				0A835942205C0C51004B29EB /* LoginFlow.storyboard */,
			);
			path = View;
			sourceTree = "<group>";
		};
		0A857446206B334E00F1FDEC /* TuneSetup */ = {
			isa = PBXGroup;
			children = (
				0A857448206B336500F1FDEC /* View */,
				0A857447206B335B00F1FDEC /* ViewModel */,
			);
			path = TuneSetup;
			sourceTree = "<group>";
		};
		0A857447206B335B00F1FDEC /* ViewModel */ = {
			isa = PBXGroup;
			children = (
				0A857449206B337400F1FDEC /* TuneSetupViewModelProtocol.swift */,
				0A85744B206B33AC00F1FDEC /* TuneSetupViewModel.swift */,
			);
			path = ViewModel;
			sourceTree = "<group>";
		};
		0A857448206B336500F1FDEC /* View */ = {
			isa = PBXGroup;
			children = (
			);
			path = View;
			sourceTree = "<group>";
		};
		0A90CEE520478615002FA202 = {
			isa = PBXGroup;
			children = (
				0A90CEF020478615002FA202 /* PedalPrototype */,
				0A90CF0520478615002FA202 /* PedalPrototypeTests */,
				0A90CF1020478615002FA202 /* PedalPrototypeUITests */,
				0A90CEEF20478615002FA202 /* Products */,
				CA42D4BF530B1FE6842F04BE /* Pods */,
				314F6528288BC78E8D35DA7E /* Frameworks */,
			);
			sourceTree = "<group>";
		};
		0A90CEEF20478615002FA202 /* Products */ = {
			isa = PBXGroup;
			children = (
				0A90CEEE20478615002FA202 /* PedalPrototype.app */,
				0A90CF0220478615002FA202 /* PedalPrototypeTests.xctest */,
				0A90CF0D20478615002FA202 /* PedalPrototypeUITests.xctest */,
			);
			name = Products;
			sourceTree = "<group>";
		};
		0A90CEF020478615002FA202 /* PedalPrototype */ = {
			isa = PBXGroup;
			children = (
				0A835941205C088C004B29EB /* PedalPrototype.entitlements */,
				0A532EB620481DAD00CA8FEA /* App */,
				0A532EA92048161700CA8FEA /* Models */,
				0A532EB120481B0700CA8FEA /* Data */,
				0A532EB720481E0200CA8FEA /* Screens */,
				0A90CEF820478615002FA202 /* Assets.xcassets */,
			);
			path = PedalPrototype;
			sourceTree = "<group>";
		};
		0A90CF0520478615002FA202 /* PedalPrototypeTests */ = {
			isa = PBXGroup;
			children = (
				0A90CF0620478615002FA202 /* PedalPrototypeTests.swift */,
				0A90CF0820478615002FA202 /* Info.plist */,
			);
			path = PedalPrototypeTests;
			sourceTree = "<group>";
		};
		0A90CF1020478615002FA202 /* PedalPrototypeUITests */ = {
			isa = PBXGroup;
			children = (
				0A90CF1120478615002FA202 /* PedalPrototypeUITests.swift */,
				0A90CF1320478615002FA202 /* Info.plist */,
			);
			path = PedalPrototypeUITests;
			sourceTree = "<group>";
		};
		314F6528288BC78E8D35DA7E /* Frameworks */ = {
			isa = PBXGroup;
			children = (
				CEC9FF0D2AF9AB56519EEA50 /* Pods_PedalPrototype.framework */,
				2B31C63235C8238F1D1E52C4 /* Pods_PedalPrototypeTests.framework */,
				AE9FE514A3663B8DA18D6A58 /* Pods_PedalPrototypeUITests.framework */,
			);
			name = Frameworks;
			sourceTree = "<group>";
		};
		CA42D4BF530B1FE6842F04BE /* Pods */ = {
			isa = PBXGroup;
			children = (
				A3B9BB065BBE05EDF78D2843 /* Pods-PedalPrototype.debug.xcconfig */,
				0DC2FFDB53C82A56F28146B4 /* Pods-PedalPrototype.release.xcconfig */,
				93AFDACA1C231699EB9AB647 /* Pods-PedalPrototypeTests.debug.xcconfig */,
				A2D5FC43F3A592EA09C9F068 /* Pods-PedalPrototypeTests.release.xcconfig */,
				43D14DAD74457A310141E40A /* Pods-PedalPrototypeUITests.debug.xcconfig */,
				31155E3FE56981148C12F111 /* Pods-PedalPrototypeUITests.release.xcconfig */,
			);
			name = Pods;
			sourceTree = "<group>";
		};
/* End PBXGroup section */

/* Begin PBXNativeTarget section */
		0A90CEED20478615002FA202 /* PedalPrototype */ = {
			isa = PBXNativeTarget;
			buildConfigurationList = 0A90CF1620478615002FA202 /* Build configuration list for PBXNativeTarget "PedalPrototype" */;
			buildPhases = (
				46796036C7F70195222432C6 /* [CP] Check Pods Manifest.lock */,
				0A90CEEA20478615002FA202 /* Sources */,
				0A90CEEB20478615002FA202 /* Frameworks */,
				0A90CEEC20478615002FA202 /* Resources */,
				9E2B76397CC1F42FDD3CB410 /* [CP] Embed Pods Frameworks */,
				85CF1F213EF27C4302C1C95A /* [CP] Copy Pods Resources */,
			);
			buildRules = (
			);
			dependencies = (
			);
			name = PedalPrototype;
			productName = PedalPrototype;
			productReference = 0A90CEEE20478615002FA202 /* PedalPrototype.app */;
			productType = "com.apple.product-type.application";
		};
		0A90CF0120478615002FA202 /* PedalPrototypeTests */ = {
			isa = PBXNativeTarget;
			buildConfigurationList = 0A90CF1920478615002FA202 /* Build configuration list for PBXNativeTarget "PedalPrototypeTests" */;
			buildPhases = (
				91DC0C49DE4AA850298F325F /* [CP] Check Pods Manifest.lock */,
				0A90CEFE20478615002FA202 /* Sources */,
				0A90CEFF20478615002FA202 /* Frameworks */,
				0A90CF0020478615002FA202 /* Resources */,
				DB292886A8B9CB1551718661 /* [CP] Embed Pods Frameworks */,
				621CB073B30F8F284993A801 /* [CP] Copy Pods Resources */,
			);
			buildRules = (
			);
			dependencies = (
				0A90CF0420478615002FA202 /* PBXTargetDependency */,
			);
			name = PedalPrototypeTests;
			productName = PedalPrototypeTests;
			productReference = 0A90CF0220478615002FA202 /* PedalPrototypeTests.xctest */;
			productType = "com.apple.product-type.bundle.unit-test";
		};
		0A90CF0C20478615002FA202 /* PedalPrototypeUITests */ = {
			isa = PBXNativeTarget;
			buildConfigurationList = 0A90CF1C20478615002FA202 /* Build configuration list for PBXNativeTarget "PedalPrototypeUITests" */;
			buildPhases = (
				76805D7744A7441A178B4523 /* [CP] Check Pods Manifest.lock */,
				0A90CF0920478615002FA202 /* Sources */,
				0A90CF0A20478615002FA202 /* Frameworks */,
				0A90CF0B20478615002FA202 /* Resources */,
				21B1C6447AAE1323D1B17208 /* [CP] Embed Pods Frameworks */,
				318EA4B53BA61BBD23940EB0 /* [CP] Copy Pods Resources */,
			);
			buildRules = (
			);
			dependencies = (
				0A90CF0F20478615002FA202 /* PBXTargetDependency */,
			);
			name = PedalPrototypeUITests;
			productName = PedalPrototypeUITests;
			productReference = 0A90CF0D20478615002FA202 /* PedalPrototypeUITests.xctest */;
			productType = "com.apple.product-type.bundle.ui-testing";
		};
/* End PBXNativeTarget section */

/* Begin PBXProject section */
		0A90CEE620478615002FA202 /* Project object */ = {
			isa = PBXProject;
			attributes = {
				LastSwiftUpdateCheck = 0920;
				LastUpgradeCheck = 0920;
				ORGANIZATIONNAME = mcb3;
				TargetAttributes = {
					0A90CEED20478615002FA202 = {
						CreatedOnToolsVersion = 9.2;
						ProvisioningStyle = Automatic;
						SystemCapabilities = {
							com.apple.Keychain = {
								enabled = 1;
							};
						};
					};
					0A90CF0120478615002FA202 = {
						CreatedOnToolsVersion = 9.2;
						ProvisioningStyle = Automatic;
						TestTargetID = 0A90CEED20478615002FA202;
					};
					0A90CF0C20478615002FA202 = {
						CreatedOnToolsVersion = 9.2;
						ProvisioningStyle = Automatic;
						TestTargetID = 0A90CEED20478615002FA202;
					};
				};
			};
			buildConfigurationList = 0A90CEE920478615002FA202 /* Build configuration list for PBXProject "PedalPrototype" */;
			compatibilityVersion = "Xcode 8.0";
			developmentRegion = en;
			hasScannedForEncodings = 0;
			knownRegions = (
				en,
				Base,
			);
			mainGroup = 0A90CEE520478615002FA202;
			productRefGroup = 0A90CEEF20478615002FA202 /* Products */;
			projectDirPath = "";
			projectRoot = "";
			targets = (
				0A90CEED20478615002FA202 /* PedalPrototype */,
				0A90CF0120478615002FA202 /* PedalPrototypeTests */,
				0A90CF0C20478615002FA202 /* PedalPrototypeUITests */,
			);
		};
/* End PBXProject section */

/* Begin PBXResourcesBuildPhase section */
		0A90CEEC20478615002FA202 /* Resources */ = {
			isa = PBXResourcesBuildPhase;
			buildActionMask = 2147483647;
			files = (
				0A90CEFC20478615002FA202 /* LaunchScreen.storyboard in Resources */,
				0A532EB92048203400CA8FEA /* GoogleService-Info.plist in Resources */,
				0A90CEF920478615002FA202 /* Assets.xcassets in Resources */,
				0A90CEF720478615002FA202 /* Main.storyboard in Resources */,
				0A835943205C0C51004B29EB /* LoginFlow.storyboard in Resources */,
			);
			runOnlyForDeploymentPostprocessing = 0;
		};
		0A90CF0020478615002FA202 /* Resources */ = {
			isa = PBXResourcesBuildPhase;
			buildActionMask = 2147483647;
			files = (
				0A532EBA2048203400CA8FEA /* GoogleService-Info.plist in Resources */,
			);
			runOnlyForDeploymentPostprocessing = 0;
		};
		0A90CF0B20478615002FA202 /* Resources */ = {
			isa = PBXResourcesBuildPhase;
			buildActionMask = 2147483647;
			files = (
				0A532EBB2048203400CA8FEA /* GoogleService-Info.plist in Resources */,
			);
			runOnlyForDeploymentPostprocessing = 0;
		};
/* End PBXResourcesBuildPhase section */

/* Begin PBXShellScriptBuildPhase section */
		21B1C6447AAE1323D1B17208 /* [CP] Embed Pods Frameworks */ = {
			isa = PBXShellScriptBuildPhase;
			buildActionMask = 2147483647;
			files = (
			);
			inputPaths = (
			);
			name = "[CP] Embed Pods Frameworks";
			outputPaths = (
			);
			runOnlyForDeploymentPostprocessing = 0;
			shellPath = /bin/sh;
			shellScript = "\"${SRCROOT}/Pods/Target Support Files/Pods-PedalPrototypeUITests/Pods-PedalPrototypeUITests-frameworks.sh\"\n";
			showEnvVarsInLog = 0;
		};
		318EA4B53BA61BBD23940EB0 /* [CP] Copy Pods Resources */ = {
			isa = PBXShellScriptBuildPhase;
			buildActionMask = 2147483647;
			files = (
			);
			inputPaths = (
			);
			name = "[CP] Copy Pods Resources";
			outputPaths = (
			);
			runOnlyForDeploymentPostprocessing = 0;
			shellPath = /bin/sh;
			shellScript = "\"${SRCROOT}/Pods/Target Support Files/Pods-PedalPrototypeUITests/Pods-PedalPrototypeUITests-resources.sh\"\n";
			showEnvVarsInLog = 0;
		};
		46796036C7F70195222432C6 /* [CP] Check Pods Manifest.lock */ = {
			isa = PBXShellScriptBuildPhase;
			buildActionMask = 2147483647;
			files = (
			);
			inputPaths = (
				"${PODS_PODFILE_DIR_PATH}/Podfile.lock",
				"${PODS_ROOT}/Manifest.lock",
			);
			name = "[CP] Check Pods Manifest.lock";
			outputPaths = (
				"$(DERIVED_FILE_DIR)/Pods-PedalPrototype-checkManifestLockResult.txt",
			);
			runOnlyForDeploymentPostprocessing = 0;
			shellPath = /bin/sh;
			shellScript = "diff \"${PODS_PODFILE_DIR_PATH}/Podfile.lock\" \"${PODS_ROOT}/Manifest.lock\" > /dev/null\nif [ $? != 0 ] ; then\n    # print error to STDERR\n    echo \"error: The sandbox is not in sync with the Podfile.lock. Run 'pod install' or update your CocoaPods installation.\" >&2\n    exit 1\nfi\n# This output is used by Xcode 'outputs' to avoid re-running this script phase.\necho \"SUCCESS\" > \"${SCRIPT_OUTPUT_FILE_0}\"\n";
			showEnvVarsInLog = 0;
		};
		621CB073B30F8F284993A801 /* [CP] Copy Pods Resources */ = {
			isa = PBXShellScriptBuildPhase;
			buildActionMask = 2147483647;
			files = (
			);
			inputPaths = (
			);
			name = "[CP] Copy Pods Resources";
			outputPaths = (
			);
			runOnlyForDeploymentPostprocessing = 0;
			shellPath = /bin/sh;
			shellScript = "\"${SRCROOT}/Pods/Target Support Files/Pods-PedalPrototypeTests/Pods-PedalPrototypeTests-resources.sh\"\n";
			showEnvVarsInLog = 0;
		};
		76805D7744A7441A178B4523 /* [CP] Check Pods Manifest.lock */ = {
			isa = PBXShellScriptBuildPhase;
			buildActionMask = 2147483647;
			files = (
			);
			inputPaths = (
				"${PODS_PODFILE_DIR_PATH}/Podfile.lock",
				"${PODS_ROOT}/Manifest.lock",
			);
			name = "[CP] Check Pods Manifest.lock";
			outputPaths = (
				"$(DERIVED_FILE_DIR)/Pods-PedalPrototypeUITests-checkManifestLockResult.txt",
			);
			runOnlyForDeploymentPostprocessing = 0;
			shellPath = /bin/sh;
			shellScript = "diff \"${PODS_PODFILE_DIR_PATH}/Podfile.lock\" \"${PODS_ROOT}/Manifest.lock\" > /dev/null\nif [ $? != 0 ] ; then\n    # print error to STDERR\n    echo \"error: The sandbox is not in sync with the Podfile.lock. Run 'pod install' or update your CocoaPods installation.\" >&2\n    exit 1\nfi\n# This output is used by Xcode 'outputs' to avoid re-running this script phase.\necho \"SUCCESS\" > \"${SCRIPT_OUTPUT_FILE_0}\"\n";
			showEnvVarsInLog = 0;
		};
		85CF1F213EF27C4302C1C95A /* [CP] Copy Pods Resources */ = {
			isa = PBXShellScriptBuildPhase;
			buildActionMask = 2147483647;
			files = (
			);
			inputPaths = (
				"${SRCROOT}/Pods/Target Support Files/Pods-PedalPrototype/Pods-PedalPrototype-resources.sh",
				$PODS_CONFIGURATION_BUILD_DIR/FirebaseUI/FirebaseAuthUI.bundle,
				$PODS_CONFIGURATION_BUILD_DIR/FirebaseUI/FirebaseFacebookAuthUI.bundle,
				$PODS_CONFIGURATION_BUILD_DIR/FirebaseUI/FirebaseGoogleAuthUI.bundle,
				$PODS_CONFIGURATION_BUILD_DIR/FirebaseUI/FirebasePhoneAuthUI.bundle,
				$PODS_CONFIGURATION_BUILD_DIR/FirebaseUI/FirebaseTwitterAuthUI.bundle,
				"${PODS_ROOT}/GoogleSignIn/Resources/GoogleSignIn.bundle",
				"${PODS_ROOT}/TwitterKit/iOS/TwitterKit.framework/TwitterKitResources.bundle",
				"${PODS_ROOT}/TwitterKit/iOS/TwitterKit.framework/TwitterShareExtensionUIResources.bundle",
			);
			name = "[CP] Copy Pods Resources";
			outputPaths = (
				"${TARGET_BUILD_DIR}/${UNLOCALIZED_RESOURCES_FOLDER_PATH}",
			);
			runOnlyForDeploymentPostprocessing = 0;
			shellPath = /bin/sh;
			shellScript = "\"${SRCROOT}/Pods/Target Support Files/Pods-PedalPrototype/Pods-PedalPrototype-resources.sh\"\n";
			showEnvVarsInLog = 0;
		};
		91DC0C49DE4AA850298F325F /* [CP] Check Pods Manifest.lock */ = {
			isa = PBXShellScriptBuildPhase;
			buildActionMask = 2147483647;
			files = (
			);
			inputPaths = (
				"${PODS_PODFILE_DIR_PATH}/Podfile.lock",
				"${PODS_ROOT}/Manifest.lock",
			);
			name = "[CP] Check Pods Manifest.lock";
			outputPaths = (
				"$(DERIVED_FILE_DIR)/Pods-PedalPrototypeTests-checkManifestLockResult.txt",
			);
			runOnlyForDeploymentPostprocessing = 0;
			shellPath = /bin/sh;
			shellScript = "diff \"${PODS_PODFILE_DIR_PATH}/Podfile.lock\" \"${PODS_ROOT}/Manifest.lock\" > /dev/null\nif [ $? != 0 ] ; then\n    # print error to STDERR\n    echo \"error: The sandbox is not in sync with the Podfile.lock. Run 'pod install' or update your CocoaPods installation.\" >&2\n    exit 1\nfi\n# This output is used by Xcode 'outputs' to avoid re-running this script phase.\necho \"SUCCESS\" > \"${SCRIPT_OUTPUT_FILE_0}\"\n";
			showEnvVarsInLog = 0;
		};
		9E2B76397CC1F42FDD3CB410 /* [CP] Embed Pods Frameworks */ = {
			isa = PBXShellScriptBuildPhase;
			buildActionMask = 2147483647;
			files = (
			);
			inputPaths = (
				"${SRCROOT}/Pods/Target Support Files/Pods-PedalPrototype/Pods-PedalPrototype-frameworks.sh",
				"${BUILT_PRODUCTS_DIR}/Bolts/Bolts.framework",
				"${BUILT_PRODUCTS_DIR}/BoringSSL/openssl.framework",
				"${BUILT_PRODUCTS_DIR}/FBSDKCoreKit/FBSDKCoreKit.framework",
				"${BUILT_PRODUCTS_DIR}/FBSDKLoginKit/FBSDKLoginKit.framework",
				"${BUILT_PRODUCTS_DIR}/GTMOAuth2/GTMOAuth2.framework",
				"${BUILT_PRODUCTS_DIR}/GTMSessionFetcher/GTMSessionFetcher.framework",
				"${BUILT_PRODUCTS_DIR}/GoogleToolboxForMac/GoogleToolboxForMac.framework",
				"${BUILT_PRODUCTS_DIR}/Protobuf/Protobuf.framework",
				"${BUILT_PRODUCTS_DIR}/SDWebImage/SDWebImage.framework",
				"${BUILT_PRODUCTS_DIR}/gRPC/GRPCClient.framework",
				"${BUILT_PRODUCTS_DIR}/gRPC-Core/grpc.framework",
				"${BUILT_PRODUCTS_DIR}/gRPC-ProtoRPC/ProtoRPC.framework",
				"${BUILT_PRODUCTS_DIR}/gRPC-RxLibrary/RxLibrary.framework",
				"${BUILT_PRODUCTS_DIR}/leveldb-library/leveldb.framework",
				"${BUILT_PRODUCTS_DIR}/nanopb/nanopb.framework",
			);
			name = "[CP] Embed Pods Frameworks";
			outputPaths = (
				"${TARGET_BUILD_DIR}/${FRAMEWORKS_FOLDER_PATH}/Bolts.framework",
				"${TARGET_BUILD_DIR}/${FRAMEWORKS_FOLDER_PATH}/openssl.framework",
				"${TARGET_BUILD_DIR}/${FRAMEWORKS_FOLDER_PATH}/FBSDKCoreKit.framework",
				"${TARGET_BUILD_DIR}/${FRAMEWORKS_FOLDER_PATH}/FBSDKLoginKit.framework",
				"${TARGET_BUILD_DIR}/${FRAMEWORKS_FOLDER_PATH}/GTMOAuth2.framework",
				"${TARGET_BUILD_DIR}/${FRAMEWORKS_FOLDER_PATH}/GTMSessionFetcher.framework",
				"${TARGET_BUILD_DIR}/${FRAMEWORKS_FOLDER_PATH}/GoogleToolboxForMac.framework",
				"${TARGET_BUILD_DIR}/${FRAMEWORKS_FOLDER_PATH}/Protobuf.framework",
				"${TARGET_BUILD_DIR}/${FRAMEWORKS_FOLDER_PATH}/SDWebImage.framework",
				"${TARGET_BUILD_DIR}/${FRAMEWORKS_FOLDER_PATH}/GRPCClient.framework",
				"${TARGET_BUILD_DIR}/${FRAMEWORKS_FOLDER_PATH}/grpc.framework",
				"${TARGET_BUILD_DIR}/${FRAMEWORKS_FOLDER_PATH}/ProtoRPC.framework",
				"${TARGET_BUILD_DIR}/${FRAMEWORKS_FOLDER_PATH}/RxLibrary.framework",
				"${TARGET_BUILD_DIR}/${FRAMEWORKS_FOLDER_PATH}/leveldb.framework",
				"${TARGET_BUILD_DIR}/${FRAMEWORKS_FOLDER_PATH}/nanopb.framework",
			);
			runOnlyForDeploymentPostprocessing = 0;
			shellPath = /bin/sh;
			shellScript = "\"${SRCROOT}/Pods/Target Support Files/Pods-PedalPrototype/Pods-PedalPrototype-frameworks.sh\"\n";
			showEnvVarsInLog = 0;
		};
		DB292886A8B9CB1551718661 /* [CP] Embed Pods Frameworks */ = {
			isa = PBXShellScriptBuildPhase;
			buildActionMask = 2147483647;
			files = (
			);
			inputPaths = (
			);
			name = "[CP] Embed Pods Frameworks";
			outputPaths = (
			);
			runOnlyForDeploymentPostprocessing = 0;
			shellPath = /bin/sh;
			shellScript = "\"${SRCROOT}/Pods/Target Support Files/Pods-PedalPrototypeTests/Pods-PedalPrototypeTests-frameworks.sh\"\n";
			showEnvVarsInLog = 0;
		};
/* End PBXShellScriptBuildPhase section */

/* Begin PBXSourcesBuildPhase section */
		0A90CEEA20478615002FA202 /* Sources */ = {
			isa = PBXSourcesBuildPhase;
			buildActionMask = 2147483647;
			files = (
				0A835949205C0D76004B29EB /* FirUIDelegate.swift in Sources */,
				0A381E31204CC31B001D7DB9 /* CreatePedalViewModelProtocol.swift in Sources */,
				0A0508B6204DAAFA00645478 /* CreatePedalViewProtocol.swift in Sources */,
				0A817904206B0BE2008A00B8 /* TuneConfig.swift in Sources */,
				0A25C6F7205EA94300A641BD /* LoginViewModel.swift in Sources */,
				0A6129852054AF19005A3099 /* PedalTableViewCellViewModel.swift in Sources */,
				0A8AFEA6206A7FBF00388F10 /* Tune+Firebase.swift in Sources */,
				0A835946205C0CA1004B29EB /* LoginView.swift in Sources */,
				0A6707D9206BDA81008B796D /* TuneTableViewCellViewModelProtocol.swift in Sources */,
				0A25C6FB205EAC4000A641BD /* LoginViewModelDelegate.swift in Sources */,
				0A6707D7206BD97C008B796D /* TuneTableViewCellView.swift in Sources */,
				0A61297B2054ABD1005A3099 /* PedalListViewModelDelegate.swift in Sources */,
				0A381E2A204B93DC001D7DB9 /* CreatePedalView.swift in Sources */,
				0A532EBD2048275900CA8FEA /* PedalProvider.swift in Sources */,
				0A25C6F9205EA96600A641BD /* LoginViewModelProtocol.swift in Sources */,
				0A25C6F4205E9E2800A641BD /* PBUserProvider.swift in Sources */,
				0A25C6F0205E88CC00A641BD /* PBUser+Firebase.swift in Sources */,
				0A532EB520481B5D00CA8FEA /* PedalProtocol.swift in Sources */,
				0A25C6EC205DF77D00A641BD /* PBUser.swift in Sources */,
				0A7490962066BCD7002AF1E8 /* CreateTuneViewModel.swift in Sources */,
				0A532EB020481ACB00CA8FEA /* Pedal+Firebase.swift in Sources */,
				0A8AFE9F206A7C8C00388F10 /* TuneListViewModel.swift in Sources */,
				0A8AFEA3206A7CC500388F10 /* TuneProvider.swift in Sources */,
				0A85744A206B337400F1FDEC /* TuneSetupViewModelProtocol.swift in Sources */,
				0A8F67712062A03C00A148E8 /* Tune.swift in Sources */,
				0A6129832054ADEB005A3099 /* PedalListViewModel.swift in Sources */,
				0A6707DC206BDAC1008B796D /* TuneTableViewCellViewModel.swift in Sources */,
				0A6707CE206BD242008B796D /* TuneListView.swift in Sources */,
				0A6129872054B2AC005A3099 /* PedalListView.swift in Sources */,
				0A25C6EA205DF5E300A641BD /* AuthProtocol.swift in Sources */,
				0A25C6F2205E9AA100A641BD /* PBUserProtocol.swift in Sources */,
				0A532EAB2048163300CA8FEA /* Pedal.swift in Sources */,
				0A85744C206B33AC00F1FDEC /* TuneSetupViewModel.swift in Sources */,
				0A381E2F204CC309001D7DB9 /* CreatePedalViewModel.swift in Sources */,
				0A0508B8204DAC4100645478 /* CreatePedalViewDelegate.swift in Sources */,
				0A25C6EE205E877500A641BD /* EmailAuthProvider.swift in Sources */,
				0A8AFE9D206A77BE00388F10 /* TuneListViewModelProtocol.swift in Sources */,
				0A7490942066BAB4002AF1E8 /* PedalSourceProtocol.swift in Sources */,
				0A6129892054B70C005A3099 /* PedalTableViewCellView.swift in Sources */,
				0A8F676F20629FB900A148E8 /* TuneProtocol.swift in Sources */,
				0A6129792054ABA8005A3099 /* PedalListViewModelProtocol.swift in Sources */,
				0A90CEF220478615002FA202 /* AppDelegate.swift in Sources */,
				0A7490922066B42E002AF1E8 /* CreateTuneViewModelProtocol.swift in Sources */,
				0A6129812054AD15005A3099 /* PedalTableViewCellViewModelProtocol.swift in Sources */,
				0A6707D0206BD79A008B796D /* TuneListViewModelDelegate.swift in Sources */,
			);
			runOnlyForDeploymentPostprocessing = 0;
		};
		0A90CEFE20478615002FA202 /* Sources */ = {
			isa = PBXSourcesBuildPhase;
			buildActionMask = 2147483647;
			files = (
				0A90CF0720478615002FA202 /* PedalPrototypeTests.swift in Sources */,
			);
			runOnlyForDeploymentPostprocessing = 0;
		};
		0A90CF0920478615002FA202 /* Sources */ = {
			isa = PBXSourcesBuildPhase;
			buildActionMask = 2147483647;
			files = (
				0A90CF1220478615002FA202 /* PedalPrototypeUITests.swift in Sources */,
			);
			runOnlyForDeploymentPostprocessing = 0;
		};
/* End PBXSourcesBuildPhase section */

/* Begin PBXTargetDependency section */
		0A90CF0420478615002FA202 /* PBXTargetDependency */ = {
			isa = PBXTargetDependency;
			target = 0A90CEED20478615002FA202 /* PedalPrototype */;
			targetProxy = 0A90CF0320478615002FA202 /* PBXContainerItemProxy */;
		};
		0A90CF0F20478615002FA202 /* PBXTargetDependency */ = {
			isa = PBXTargetDependency;
			target = 0A90CEED20478615002FA202 /* PedalPrototype */;
			targetProxy = 0A90CF0E20478615002FA202 /* PBXContainerItemProxy */;
		};
/* End PBXTargetDependency section */

/* Begin PBXVariantGroup section */
		0A90CEF520478615002FA202 /* Main.storyboard */ = {
			isa = PBXVariantGroup;
			children = (
				0A90CEF620478615002FA202 /* Base */,
			);
			name = Main.storyboard;
			sourceTree = "<group>";
		};
		0A90CEFA20478615002FA202 /* LaunchScreen.storyboard */ = {
			isa = PBXVariantGroup;
			children = (
				0A90CEFB20478615002FA202 /* Base */,
			);
			name = LaunchScreen.storyboard;
			sourceTree = "<group>";
		};
/* End PBXVariantGroup section */

/* Begin XCBuildConfiguration section */
		0A90CF1420478615002FA202 /* Debug */ = {
			isa = XCBuildConfiguration;
			buildSettings = {
				ALWAYS_SEARCH_USER_PATHS = NO;
				CLANG_ANALYZER_NONNULL = YES;
				CLANG_ANALYZER_NUMBER_OBJECT_CONVERSION = YES_AGGRESSIVE;
				CLANG_CXX_LANGUAGE_STANDARD = "gnu++14";
				CLANG_CXX_LIBRARY = "libc++";
				CLANG_ENABLE_MODULES = YES;
				CLANG_ENABLE_OBJC_ARC = YES;
				CLANG_WARN_BLOCK_CAPTURE_AUTORELEASING = YES;
				CLANG_WARN_BOOL_CONVERSION = YES;
				CLANG_WARN_COMMA = YES;
				CLANG_WARN_CONSTANT_CONVERSION = YES;
				CLANG_WARN_DIRECT_OBJC_ISA_USAGE = YES_ERROR;
				CLANG_WARN_DOCUMENTATION_COMMENTS = YES;
				CLANG_WARN_EMPTY_BODY = YES;
				CLANG_WARN_ENUM_CONVERSION = YES;
				CLANG_WARN_INFINITE_RECURSION = YES;
				CLANG_WARN_INT_CONVERSION = YES;
				CLANG_WARN_NON_LITERAL_NULL_CONVERSION = YES;
				CLANG_WARN_OBJC_LITERAL_CONVERSION = YES;
				CLANG_WARN_OBJC_ROOT_CLASS = YES_ERROR;
				CLANG_WARN_RANGE_LOOP_ANALYSIS = YES;
				CLANG_WARN_STRICT_PROTOTYPES = YES;
				CLANG_WARN_SUSPICIOUS_MOVE = YES;
				CLANG_WARN_UNGUARDED_AVAILABILITY = YES_AGGRESSIVE;
				CLANG_WARN_UNREACHABLE_CODE = YES;
				CLANG_WARN__DUPLICATE_METHOD_MATCH = YES;
				CODE_SIGN_IDENTITY = "iPhone Developer";
				COPY_PHASE_STRIP = NO;
				DEBUG_INFORMATION_FORMAT = dwarf;
				ENABLE_STRICT_OBJC_MSGSEND = YES;
				ENABLE_TESTABILITY = YES;
				GCC_C_LANGUAGE_STANDARD = gnu11;
				GCC_DYNAMIC_NO_PIC = NO;
				GCC_NO_COMMON_BLOCKS = YES;
				GCC_OPTIMIZATION_LEVEL = 0;
				GCC_PREPROCESSOR_DEFINITIONS = (
					"DEBUG=1",
					"$(inherited)",
				);
				GCC_WARN_64_TO_32_BIT_CONVERSION = YES;
				GCC_WARN_ABOUT_RETURN_TYPE = YES_ERROR;
				GCC_WARN_UNDECLARED_SELECTOR = YES;
				GCC_WARN_UNINITIALIZED_AUTOS = YES_AGGRESSIVE;
				GCC_WARN_UNUSED_FUNCTION = YES;
				GCC_WARN_UNUSED_VARIABLE = YES;
				IPHONEOS_DEPLOYMENT_TARGET = 11.2;
				MTL_ENABLE_DEBUG_INFO = YES;
				ONLY_ACTIVE_ARCH = YES;
				SDKROOT = iphoneos;
				SWIFT_ACTIVE_COMPILATION_CONDITIONS = DEBUG;
				SWIFT_OPTIMIZATION_LEVEL = "-Onone";
			};
			name = Debug;
		};
		0A90CF1520478615002FA202 /* Release */ = {
			isa = XCBuildConfiguration;
			buildSettings = {
				ALWAYS_SEARCH_USER_PATHS = NO;
				CLANG_ANALYZER_NONNULL = YES;
				CLANG_ANALYZER_NUMBER_OBJECT_CONVERSION = YES_AGGRESSIVE;
				CLANG_CXX_LANGUAGE_STANDARD = "gnu++14";
				CLANG_CXX_LIBRARY = "libc++";
				CLANG_ENABLE_MODULES = YES;
				CLANG_ENABLE_OBJC_ARC = YES;
				CLANG_WARN_BLOCK_CAPTURE_AUTORELEASING = YES;
				CLANG_WARN_BOOL_CONVERSION = YES;
				CLANG_WARN_COMMA = YES;
				CLANG_WARN_CONSTANT_CONVERSION = YES;
				CLANG_WARN_DIRECT_OBJC_ISA_USAGE = YES_ERROR;
				CLANG_WARN_DOCUMENTATION_COMMENTS = YES;
				CLANG_WARN_EMPTY_BODY = YES;
				CLANG_WARN_ENUM_CONVERSION = YES;
				CLANG_WARN_INFINITE_RECURSION = YES;
				CLANG_WARN_INT_CONVERSION = YES;
				CLANG_WARN_NON_LITERAL_NULL_CONVERSION = YES;
				CLANG_WARN_OBJC_LITERAL_CONVERSION = YES;
				CLANG_WARN_OBJC_ROOT_CLASS = YES_ERROR;
				CLANG_WARN_RANGE_LOOP_ANALYSIS = YES;
				CLANG_WARN_STRICT_PROTOTYPES = YES;
				CLANG_WARN_SUSPICIOUS_MOVE = YES;
				CLANG_WARN_UNGUARDED_AVAILABILITY = YES_AGGRESSIVE;
				CLANG_WARN_UNREACHABLE_CODE = YES;
				CLANG_WARN__DUPLICATE_METHOD_MATCH = YES;
				CODE_SIGN_IDENTITY = "iPhone Developer";
				COPY_PHASE_STRIP = NO;
				DEBUG_INFORMATION_FORMAT = "dwarf-with-dsym";
				ENABLE_NS_ASSERTIONS = NO;
				ENABLE_STRICT_OBJC_MSGSEND = YES;
				GCC_C_LANGUAGE_STANDARD = gnu11;
				GCC_NO_COMMON_BLOCKS = YES;
				GCC_WARN_64_TO_32_BIT_CONVERSION = YES;
				GCC_WARN_ABOUT_RETURN_TYPE = YES_ERROR;
				GCC_WARN_UNDECLARED_SELECTOR = YES;
				GCC_WARN_UNINITIALIZED_AUTOS = YES_AGGRESSIVE;
				GCC_WARN_UNUSED_FUNCTION = YES;
				GCC_WARN_UNUSED_VARIABLE = YES;
				IPHONEOS_DEPLOYMENT_TARGET = 11.2;
				MTL_ENABLE_DEBUG_INFO = NO;
				SDKROOT = iphoneos;
				SWIFT_OPTIMIZATION_LEVEL = "-Owholemodule";
				VALIDATE_PRODUCT = YES;
			};
			name = Release;
		};
		0A90CF1720478615002FA202 /* Debug */ = {
			isa = XCBuildConfiguration;
			baseConfigurationReference = A3B9BB065BBE05EDF78D2843 /* Pods-PedalPrototype.debug.xcconfig */;
			buildSettings = {
				ASSETCATALOG_COMPILER_APPICON_NAME = AppIcon;
				CODE_SIGN_ENTITLEMENTS = PedalPrototype/PedalPrototype.entitlements;
				CODE_SIGN_STYLE = Automatic;
				DEVELOPMENT_TEAM = Y648E928RU;
				INFOPLIST_FILE = "$(SRCROOT)/PedalPrototype/App/Info.plist";
				LD_RUNPATH_SEARCH_PATHS = "$(inherited) @executable_path/Frameworks";
				PRODUCT_BUNDLE_IDENTIFIER = br.ufpe.cin.mcb3.PedalPrototype;
				PRODUCT_NAME = "$(TARGET_NAME)";
				SWIFT_VERSION = 4.0;
				TARGETED_DEVICE_FAMILY = "1,2";
			};
			name = Debug;
		};
		0A90CF1820478615002FA202 /* Release */ = {
			isa = XCBuildConfiguration;
			baseConfigurationReference = 0DC2FFDB53C82A56F28146B4 /* Pods-PedalPrototype.release.xcconfig */;
			buildSettings = {
				ASSETCATALOG_COMPILER_APPICON_NAME = AppIcon;
				CODE_SIGN_ENTITLEMENTS = PedalPrototype/PedalPrototype.entitlements;
				CODE_SIGN_STYLE = Automatic;
				DEVELOPMENT_TEAM = Y648E928RU;
				INFOPLIST_FILE = "$(SRCROOT)/PedalPrototype/App/Info.plist";
				LD_RUNPATH_SEARCH_PATHS = "$(inherited) @executable_path/Frameworks";
				PRODUCT_BUNDLE_IDENTIFIER = br.ufpe.cin.mcb3.PedalPrototype;
				PRODUCT_NAME = "$(TARGET_NAME)";
				SWIFT_VERSION = 4.0;
				TARGETED_DEVICE_FAMILY = "1,2";
			};
			name = Release;
		};
		0A90CF1A20478615002FA202 /* Debug */ = {
			isa = XCBuildConfiguration;
			baseConfigurationReference = 93AFDACA1C231699EB9AB647 /* Pods-PedalPrototypeTests.debug.xcconfig */;
			buildSettings = {
				ALWAYS_EMBED_SWIFT_STANDARD_LIBRARIES = YES;
				BUNDLE_LOADER = "$(TEST_HOST)";
				CODE_SIGN_STYLE = Automatic;
				DEVELOPMENT_TEAM = Y648E928RU;
				INFOPLIST_FILE = PedalPrototypeTests/Info.plist;
				LD_RUNPATH_SEARCH_PATHS = "$(inherited) @executable_path/Frameworks @loader_path/Frameworks";
				PRODUCT_BUNDLE_IDENTIFIER = br.ufpe.cin.mcb3.PedalPrototypeTests;
				PRODUCT_NAME = "$(TARGET_NAME)";
				SWIFT_VERSION = 4.0;
				TARGETED_DEVICE_FAMILY = "1,2";
				TEST_HOST = "$(BUILT_PRODUCTS_DIR)/PedalPrototype.app/PedalPrototype";
			};
			name = Debug;
		};
		0A90CF1B20478615002FA202 /* Release */ = {
			isa = XCBuildConfiguration;
			baseConfigurationReference = A2D5FC43F3A592EA09C9F068 /* Pods-PedalPrototypeTests.release.xcconfig */;
			buildSettings = {
				ALWAYS_EMBED_SWIFT_STANDARD_LIBRARIES = YES;
				BUNDLE_LOADER = "$(TEST_HOST)";
				CODE_SIGN_STYLE = Automatic;
				DEVELOPMENT_TEAM = Y648E928RU;
				INFOPLIST_FILE = PedalPrototypeTests/Info.plist;
				LD_RUNPATH_SEARCH_PATHS = "$(inherited) @executable_path/Frameworks @loader_path/Frameworks";
				PRODUCT_BUNDLE_IDENTIFIER = br.ufpe.cin.mcb3.PedalPrototypeTests;
				PRODUCT_NAME = "$(TARGET_NAME)";
				SWIFT_VERSION = 4.0;
				TARGETED_DEVICE_FAMILY = "1,2";
				TEST_HOST = "$(BUILT_PRODUCTS_DIR)/PedalPrototype.app/PedalPrototype";
			};
			name = Release;
		};
		0A90CF1D20478615002FA202 /* Debug */ = {
			isa = XCBuildConfiguration;
			baseConfigurationReference = 43D14DAD74457A310141E40A /* Pods-PedalPrototypeUITests.debug.xcconfig */;
			buildSettings = {
				ALWAYS_EMBED_SWIFT_STANDARD_LIBRARIES = YES;
				CODE_SIGN_STYLE = Automatic;
				DEVELOPMENT_TEAM = Y648E928RU;
				INFOPLIST_FILE = PedalPrototypeUITests/Info.plist;
				LD_RUNPATH_SEARCH_PATHS = "$(inherited) @executable_path/Frameworks @loader_path/Frameworks";
				PRODUCT_BUNDLE_IDENTIFIER = br.ufpe.cin.mcb3.PedalPrototypeUITests;
				PRODUCT_NAME = "$(TARGET_NAME)";
				SWIFT_VERSION = 4.0;
				TARGETED_DEVICE_FAMILY = "1,2";
				TEST_TARGET_NAME = PedalPrototype;
			};
			name = Debug;
		};
		0A90CF1E20478615002FA202 /* Release */ = {
			isa = XCBuildConfiguration;
			baseConfigurationReference = 31155E3FE56981148C12F111 /* Pods-PedalPrototypeUITests.release.xcconfig */;
			buildSettings = {
				ALWAYS_EMBED_SWIFT_STANDARD_LIBRARIES = YES;
				CODE_SIGN_STYLE = Automatic;
				DEVELOPMENT_TEAM = Y648E928RU;
				INFOPLIST_FILE = PedalPrototypeUITests/Info.plist;
				LD_RUNPATH_SEARCH_PATHS = "$(inherited) @executable_path/Frameworks @loader_path/Frameworks";
				PRODUCT_BUNDLE_IDENTIFIER = br.ufpe.cin.mcb3.PedalPrototypeUITests;
				PRODUCT_NAME = "$(TARGET_NAME)";
				SWIFT_VERSION = 4.0;
				TARGETED_DEVICE_FAMILY = "1,2";
				TEST_TARGET_NAME = PedalPrototype;
			};
			name = Release;
		};
/* End XCBuildConfiguration section */

/* Begin XCConfigurationList section */
		0A90CEE920478615002FA202 /* Build configuration list for PBXProject "PedalPrototype" */ = {
			isa = XCConfigurationList;
			buildConfigurations = (
				0A90CF1420478615002FA202 /* Debug */,
				0A90CF1520478615002FA202 /* Release */,
			);
			defaultConfigurationIsVisible = 0;
			defaultConfigurationName = Release;
		};
		0A90CF1620478615002FA202 /* Build configuration list for PBXNativeTarget "PedalPrototype" */ = {
			isa = XCConfigurationList;
			buildConfigurations = (
				0A90CF1720478615002FA202 /* Debug */,
				0A90CF1820478615002FA202 /* Release */,
			);
			defaultConfigurationIsVisible = 0;
			defaultConfigurationName = Release;
		};
		0A90CF1920478615002FA202 /* Build configuration list for PBXNativeTarget "PedalPrototypeTests" */ = {
			isa = XCConfigurationList;
			buildConfigurations = (
				0A90CF1A20478615002FA202 /* Debug */,
				0A90CF1B20478615002FA202 /* Release */,
			);
			defaultConfigurationIsVisible = 0;
			defaultConfigurationName = Release;
		};
		0A90CF1C20478615002FA202 /* Build configuration list for PBXNativeTarget "PedalPrototypeUITests" */ = {
			isa = XCConfigurationList;
			buildConfigurations = (
				0A90CF1D20478615002FA202 /* Debug */,
				0A90CF1E20478615002FA202 /* Release */,
			);
			defaultConfigurationIsVisible = 0;
			defaultConfigurationName = Release;
		};
/* End XCConfigurationList section */
	};
	rootObject = 0A90CEE620478615002FA202 /* Project object */;
}
